
Microsoft Visual Studio Solution File, Format Version 11.00
# Visual Studio 2010
Project("{FAE04EC0-301F-11D3-BF4B-00C04F79EFBC}") = "VRGame01", "Assembly-CSharp.csproj", "{1B8112A4-9E2F-6BF0-9000-3C5D2811342C}"
EndProject
Project("{FAE04EC0-301F-11D3-BF4B-00C04F79EFBC}") = "VRGame01", "Assembly-CSharp-Editor.csproj", "{480941A0-AF17-C99D-87A0-D9119247707D}"
EndProject
Global
	GlobalSection(SolutionConfigurationPlatforms) = preSolution
		Debug|Any CPU = Debug|Any CPU
		Release|Any CPU = Release|Any CPU
	EndGlobalSection
	GlobalSection(ProjectConfigurationPlatforms) = postSolution
		{1B8112A4-9E2F-6BF0-9000-3C5D2811342C}.Debug|Any CPU.ActiveCfg = Debug|Any CPU
		{1B8112A4-9E2F-6BF0-9000-3C5D2811342C}.Debug|Any CPU.Build.0 = Debug|Any CPU
		{1B8112A4-9E2F-6BF0-9000-3C5D2811342C}.Release|Any CPU.ActiveCfg = Release|Any CPU
		{1B8112A4-9E2F-6BF0-9000-3C5D2811342C}.Release|Any CPU.Build.0 = Release|Any CPU
		{480941A0-AF17-C99D-87A0-D9119247707D}.Debug|Any CPU.ActiveCfg = Debug|Any CPU
		{480941A0-AF17-C99D-87A0-D9119247707D}.Debug|Any CPU.Build.0 = Debug|Any CPU
		{480941A0-AF17-C99D-87A0-D9119247707D}.Release|Any CPU.ActiveCfg = Release|Any CPU
		{480941A0-AF17-C99D-87A0-D9119247707D}.Release|Any CPU.Build.0 = Release|Any CPU
	EndGlobalSection
	GlobalSection(SolutionProperties) = preSolution
		HideSolutionNode = FALSE
	EndGlobalSection
	GlobalSection(MonoDevelopProperties) = preSolution
		StartupItem = Assembly-CSharp.csproj
	EndGlobalSection
EndGlobal
