
Microsoft Visual Studio Solution File, Format Version 11.00
# Visual Studio 2010
Project("{FAE04EC0-301F-11D3-BF4B-00C04F79EFBC}") = "WallPrototype01GAME", "com.unity.postprocessing.Runtime.csproj", "{4C8CC0F7-4606-0DE8-E4EC-26E75B4D18DD}"
EndProject
Project("{FAE04EC0-301F-11D3-BF4B-00C04F79EFBC}") = "WallPrototype01GAME", "Assembly-CSharp.csproj", "{B8183F76-CC57-4865-7FF5-0434D0193773}"
EndProject
Project("{FAE04EC0-301F-11D3-BF4B-00C04F79EFBC}") = "WallPrototype01GAME", "Assembly-CSharp-Editor.csproj", "{B79A66BA-8966-05F0-CFCF-7EC5808C847E}"
EndProject
Project("{FAE04EC0-301F-11D3-BF4B-00C04F79EFBC}") = "WallPrototype01GAME", "com.unity.postprocessing.Editor.csproj", "{DD5EE054-9448-F84F-D7F7-9CCAF5A32437}"
EndProject
Global
	GlobalSection(SolutionConfigurationPlatforms) = preSolution
		Debug|Any CPU = Debug|Any CPU
		Release|Any CPU = Release|Any CPU
	EndGlobalSection
	GlobalSection(ProjectConfigurationPlatforms) = postSolution
		{4C8CC0F7-4606-0DE8-E4EC-26E75B4D18DD}.Debug|Any CPU.ActiveCfg = Debug|Any CPU
		{4C8CC0F7-4606-0DE8-E4EC-26E75B4D18DD}.Debug|Any CPU.Build.0 = Debug|Any CPU
		{4C8CC0F7-4606-0DE8-E4EC-26E75B4D18DD}.Release|Any CPU.ActiveCfg = Release|Any CPU
		{4C8CC0F7-4606-0DE8-E4EC-26E75B4D18DD}.Release|Any CPU.Build.0 = Release|Any CPU
		{B8183F76-CC57-4865-7FF5-0434D0193773}.Debug|Any CPU.ActiveCfg = Debug|Any CPU
		{B8183F76-CC57-4865-7FF5-0434D0193773}.Debug|Any CPU.Build.0 = Debug|Any CPU
		{B8183F76-CC57-4865-7FF5-0434D0193773}.Release|Any CPU.ActiveCfg = Release|Any CPU
		{B8183F76-CC57-4865-7FF5-0434D0193773}.Release|Any CPU.Build.0 = Release|Any CPU
		{B79A66BA-8966-05F0-CFCF-7EC5808C847E}.Debug|Any CPU.ActiveCfg = Debug|Any CPU
		{B79A66BA-8966-05F0-CFCF-7EC5808C847E}.Debug|Any CPU.Build.0 = Debug|Any CPU
		{B79A66BA-8966-05F0-CFCF-7EC5808C847E}.Release|Any CPU.ActiveCfg = Release|Any CPU
		{B79A66BA-8966-05F0-CFCF-7EC5808C847E}.Release|Any CPU.Build.0 = Release|Any CPU
		{DD5EE054-9448-F84F-D7F7-9CCAF5A32437}.Debug|Any CPU.ActiveCfg = Debug|Any CPU
		{DD5EE054-9448-F84F-D7F7-9CCAF5A32437}.Debug|Any CPU.Build.0 = Debug|Any CPU
		{DD5EE054-9448-F84F-D7F7-9CCAF5A32437}.Release|Any CPU.ActiveCfg = Release|Any CPU
		{DD5EE054-9448-F84F-D7F7-9CCAF5A32437}.Release|Any CPU.Build.0 = Release|Any CPU
	EndGlobalSection
	GlobalSection(SolutionProperties) = preSolution
		HideSolutionNode = FALSE
	EndGlobalSection
	GlobalSection(MonoDevelopProperties) = preSolution
		StartupItem = Assembly-CSharp.csproj
	EndGlobalSection
EndGlobal
