
Microsoft Visual Studio Solution File, Format Version 11.00
# Visual Studio 2010
Project("{FAE04EC0-301F-11D3-BF4B-00C04F79EFBC}") = "WallPrototype01", "com.unity.postprocessing.Runtime.csproj", "{06E40D75-98C5-13F8-59CF-7AFE664F7374}"
EndProject
Project("{FAE04EC0-301F-11D3-BF4B-00C04F79EFBC}") = "WallPrototype01", "Assembly-CSharp.csproj", "{4D698759-8115-8DDE-8FDF-98A709E20383}"
EndProject
Project("{FAE04EC0-301F-11D3-BF4B-00C04F79EFBC}") = "WallPrototype01", "Assembly-CSharp-Editor.csproj", "{B8A15E0C-1BB0-227E-EB09-97CC78B8E60D}"
EndProject
Project("{FAE04EC0-301F-11D3-BF4B-00C04F79EFBC}") = "WallPrototype01", "com.unity.postprocessing.Editor.csproj", "{9A75A48A-1C39-781C-52A0-EC9D5C5B1476}"
EndProject
Global
	GlobalSection(SolutionConfigurationPlatforms) = preSolution
		Debug|Any CPU = Debug|Any CPU
		Release|Any CPU = Release|Any CPU
	EndGlobalSection
	GlobalSection(ProjectConfigurationPlatforms) = postSolution
		{06E40D75-98C5-13F8-59CF-7AFE664F7374}.Debug|Any CPU.ActiveCfg = Debug|Any CPU
		{06E40D75-98C5-13F8-59CF-7AFE664F7374}.Debug|Any CPU.Build.0 = Debug|Any CPU
		{06E40D75-98C5-13F8-59CF-7AFE664F7374}.Release|Any CPU.ActiveCfg = Release|Any CPU
		{06E40D75-98C5-13F8-59CF-7AFE664F7374}.Release|Any CPU.Build.0 = Release|Any CPU
		{4D698759-8115-8DDE-8FDF-98A709E20383}.Debug|Any CPU.ActiveCfg = Debug|Any CPU
		{4D698759-8115-8DDE-8FDF-98A709E20383}.Debug|Any CPU.Build.0 = Debug|Any CPU
		{4D698759-8115-8DDE-8FDF-98A709E20383}.Release|Any CPU.ActiveCfg = Release|Any CPU
		{4D698759-8115-8DDE-8FDF-98A709E20383}.Release|Any CPU.Build.0 = Release|Any CPU
		{B8A15E0C-1BB0-227E-EB09-97CC78B8E60D}.Debug|Any CPU.ActiveCfg = Debug|Any CPU
		{B8A15E0C-1BB0-227E-EB09-97CC78B8E60D}.Debug|Any CPU.Build.0 = Debug|Any CPU
		{B8A15E0C-1BB0-227E-EB09-97CC78B8E60D}.Release|Any CPU.ActiveCfg = Release|Any CPU
		{B8A15E0C-1BB0-227E-EB09-97CC78B8E60D}.Release|Any CPU.Build.0 = Release|Any CPU
		{9A75A48A-1C39-781C-52A0-EC9D5C5B1476}.Debug|Any CPU.ActiveCfg = Debug|Any CPU
		{9A75A48A-1C39-781C-52A0-EC9D5C5B1476}.Debug|Any CPU.Build.0 = Debug|Any CPU
		{9A75A48A-1C39-781C-52A0-EC9D5C5B1476}.Release|Any CPU.ActiveCfg = Release|Any CPU
		{9A75A48A-1C39-781C-52A0-EC9D5C5B1476}.Release|Any CPU.Build.0 = Release|Any CPU
	EndGlobalSection
	GlobalSection(SolutionProperties) = preSolution
		HideSolutionNode = FALSE
	EndGlobalSection
	GlobalSection(MonoDevelopProperties) = preSolution
		StartupItem = Assembly-CSharp.csproj
	EndGlobalSection
EndGlobal
